{
  "name": "landing-page",
  "lockfileVersion": 3,
  "requires": true,
  "packages": {
    "": {
      "dependencies": {
        "@fontsource-variable/open-sans": "^5.0.29",
        "@fontsource-variable/readex-pro": "^5.0.13",
        "@fontsource/readex-pro": "^5.0.13"
      }
    },
    "node_modules/@fontsource-variable/open-sans": {
      "version": "5.0.29",
      "resolved": "https://registry.npmjs.org/@fontsource-variable/open-sans/-/open-sans-5.0.29.tgz",
      "integrity": "sha512-p8T55iQwhErREcjY997t4ah9JKTyJNSBDDVfvVsWIQRGpA2fcTPk9rLue/Mkrr5/efkehxTSbT8JpTTRaFbM5A=="
    },
    "node_modules/@fontsource-variable/readex-pro": {
      "version": "5.0.13",
      "resolved": "https://registry.npmjs.org/@fontsource-variable/readex-pro/-/readex-pro-5.0.13.tgz",
      "integrity": "sha512-C6d0oaHUoGTo3fV7ghYF0iRSVVyNy1QBvJnD+CB4dzTRUM+ujZuYSNBgH5Cb4d1tVEnBugef2WXzaX0Dc+zq6A=="
    },
    "node_modules/@fontsource/readex-pro": {
      "version": "5.0.13",
      "resolved": "https://registry.npmjs.org/@fontsource/readex-pro/-/readex-pro-5.0.13.tgz",
      "integrity": "sha512-U1joDIDtPVDaZ8EAm7hN89mjQmGgVCzjeJtGODyX8sNJqzDPQ0Gm+QZkkGdsasA9p0v1QVG4xXFS0AyZVGKwdw=="
    }
  }
}
